github.com/Jeffail/gabs v1.4.0 h1://5fYRRTq1edjfIrQGvdkcd22pkYUrHZ5YC/H2GJVAo=
github.com/Jeffail/gabs v1.4.0/go.mod h1:6xMvQMK4k33lb7GUUpaAPh6nKMmemQeg5d4gn7/bOXc=
github.com/dhowden/tag v0.0.0-20220618230019-adf36e896086 h1:ORubSQoKnncsBnR4zD9CuYFJCPOCuSNEpWEZrDdBXkc=
github.com/dhowden/tag v0.0.0-20220618230019-adf36e896086/go.mod h1:Z3Lomva4pyMWYezjMAU5QWRh0p1VvO4199OHlFnyKkM=
github.com/kenellorando/clog v0.0.0-20211118221226-cb7b5321ba72 h1:5Z2kJVATMfhe5FgBmmeKcQmh3h5dVnNsm5A1xDJVBiw=
github.com/kenellorando/clog v0.0.0-20211118221226-cb7b5321ba72/go.mod h1:6+JdbVdzZr1fkpBAOqcPs04K3ajpn5cgLOvp1fIh5n0=
github.com/mattn/go-sqlite3 v1.14.14 h1:qZgc/Rwetq+MtyE18WhzjokPD93dNqLGNT3QJuLvBGw=
github.com/mattn/go-sqlite3 v1.14.14/go.mod h1:NyWgC/yNuGj7Q9rpYnZvas74GogHl5/Z4A/KQRfk6bU=
gopkg.in/antage/eventsource.v1 v1.0.0-20150318155416-803f4c5af225 h1:xy+AV3uSExoRQc2qWXeZdbhFGwBFK/AmGlrBZEjbvuQ=
gopkg.in/antage/eventsource.v1 v1.0.0-20150318155416-803f4c5af225/go.mod h1:SiXNRpUllqhl+GIw2V/BtKI7BUlz+uxov9vBFtXHqh8=
